
Microsoft Visual Studio Solution File, Format Version 12.00
# Visual Studio Version 17
VisualStudioVersion = 17.10.35122.118
MinimumVisualStudioVersion = 10.0.40219.1
Project("{9A19103F-16F7-4668-BE54-9A1E7A4F7556}") = "QuickLaunch", "QuickLaunch\QuickLaunch.csproj", "{E26D8013-981E-4E04-8C90-D27A36269088}"
EndProject
Project("{9A19103F-16F7-4668-BE54-9A1E7A4F7556}") = "Common", "Common\Common.csproj", "{71ADF221-04AF-4955-B599-B8DB779615CA}"
EndProject
Project("{9A19103F-16F7-4668-BE54-9A1E7A4F7556}") = "QuickLinker", "QuickLinker\QuickLinker.csproj", "{C11F7793-E3F0-4ED4-AE5C-1B1CF9A7C837}"
EndProject
Project("{FAE04EC0-301F-11D3-BF4B-00C04F79EFBC}") = "Plugin", "Plugin\Plugin.csproj", "{FF835425-7410-4E50-BA7F-9B1DAB31249F}"
EndProject
Project("{2150E333-8FDC-42A3-9474-1A3956D46DE8}") = "Plugins", "Plugins", "{CA8D309B-8E2E-43E7-8A16-08C2DBE0BE58}"
EndProject
Project("{FAE04EC0-301F-11D3-BF4B-00C04F79EFBC}") = "CommandPlugin", "Plugins\CommandPlugin\CommandPlugin.csproj", "{A294F80D-6D8F-4E5B-BA85-EB3E942A0C7C}"
EndProject
Project("{FAE04EC0-301F-11D3-BF4B-00C04F79EFBC}") = "IconFromSVG", "Plugins\IconFromSVG\IconFromSVG.csproj", "{FF6DC230-0963-4090-8D96-B8497A8521B9}"
EndProject
Global
	GlobalSection(SolutionConfigurationPlatforms) = preSolution
		Debug|Any CPU = Debug|Any CPU
		Release|Any CPU = Release|Any CPU
	EndGlobalSection
	GlobalSection(ProjectConfigurationPlatforms) = postSolution
		{E26D8013-981E-4E04-8C90-D27A36269088}.Debug|Any CPU.ActiveCfg = Debug|Any CPU
		{E26D8013-981E-4E04-8C90-D27A36269088}.Debug|Any CPU.Build.0 = Debug|Any CPU
		{E26D8013-981E-4E04-8C90-D27A36269088}.Release|Any CPU.ActiveCfg = Release|Any CPU
		{E26D8013-981E-4E04-8C90-D27A36269088}.Release|Any CPU.Build.0 = Release|Any CPU
		{71ADF221-04AF-4955-B599-B8DB779615CA}.Debug|Any CPU.ActiveCfg = Debug|Any CPU
		{71ADF221-04AF-4955-B599-B8DB779615CA}.Debug|Any CPU.Build.0 = Debug|Any CPU
		{71ADF221-04AF-4955-B599-B8DB779615CA}.Release|Any CPU.ActiveCfg = Release|Any CPU
		{71ADF221-04AF-4955-B599-B8DB779615CA}.Release|Any CPU.Build.0 = Release|Any CPU
		{C11F7793-E3F0-4ED4-AE5C-1B1CF9A7C837}.Debug|Any CPU.ActiveCfg = Debug|Any CPU
		{C11F7793-E3F0-4ED4-AE5C-1B1CF9A7C837}.Debug|Any CPU.Build.0 = Debug|Any CPU
		{C11F7793-E3F0-4ED4-AE5C-1B1CF9A7C837}.Release|Any CPU.ActiveCfg = Release|Any CPU
		{C11F7793-E3F0-4ED4-AE5C-1B1CF9A7C837}.Release|Any CPU.Build.0 = Release|Any CPU
		{FF835425-7410-4E50-BA7F-9B1DAB31249F}.Debug|Any CPU.ActiveCfg = Debug|Any CPU
		{FF835425-7410-4E50-BA7F-9B1DAB31249F}.Debug|Any CPU.Build.0 = Debug|Any CPU
		{FF835425-7410-4E50-BA7F-9B1DAB31249F}.Release|Any CPU.ActiveCfg = Release|Any CPU
		{FF835425-7410-4E50-BA7F-9B1DAB31249F}.Release|Any CPU.Build.0 = Release|Any CPU
		{A294F80D-6D8F-4E5B-BA85-EB3E942A0C7C}.Debug|Any CPU.ActiveCfg = Debug|Any CPU
		{A294F80D-6D8F-4E5B-BA85-EB3E942A0C7C}.Debug|Any CPU.Build.0 = Debug|Any CPU
		{A294F80D-6D8F-4E5B-BA85-EB3E942A0C7C}.Release|Any CPU.ActiveCfg = Release|Any CPU
		{A294F80D-6D8F-4E5B-BA85-EB3E942A0C7C}.Release|Any CPU.Build.0 = Release|Any CPU
		{FF6DC230-0963-4090-8D96-B8497A8521B9}.Debug|Any CPU.ActiveCfg = Debug|Any CPU
		{FF6DC230-0963-4090-8D96-B8497A8521B9}.Debug|Any CPU.Build.0 = Debug|Any CPU
		{FF6DC230-0963-4090-8D96-B8497A8521B9}.Release|Any CPU.ActiveCfg = Release|Any CPU
		{FF6DC230-0963-4090-8D96-B8497A8521B9}.Release|Any CPU.Build.0 = Release|Any CPU
	EndGlobalSection
	GlobalSection(SolutionProperties) = preSolution
		HideSolutionNode = FALSE
	EndGlobalSection
	GlobalSection(NestedProjects) = preSolution
		{A294F80D-6D8F-4E5B-BA85-EB3E942A0C7C} = {CA8D309B-8E2E-43E7-8A16-08C2DBE0BE58}
		{FF6DC230-0963-4090-8D96-B8497A8521B9} = {CA8D309B-8E2E-43E7-8A16-08C2DBE0BE58}
	EndGlobalSection
	GlobalSection(ExtensibilityGlobals) = postSolution
		SolutionGuid = {3C8FDB18-9853-4F68-B958-E7F8492BED37}
	EndGlobalSection
EndGlobal
